{
    "_readme": [
        "This file locks the dependencies of your project to a known state",
        "Read more about it at https://getcomposer.org/doc/01-basic-usage.md#composer-lock-the-lock-file",
        "This file is @generated automatically"
    ],
    "content-hash": "e1a9d4d0cffce2b8f28db22a5654c3ef",
    "packages": [
        {
            "name": "gamajo/template-loader",
            "version": "1.3.0",
            "source": {
                "type": "git",
                "url": "https://github.com/GaryJones/Gamajo-Template-Loader.git",
                "reference": "05057216f60baebfc4939e1a2b9aae6e89d25c91"
            },
            "dist": {
                "type": "zip",
                "url": "https://api.github.com/repos/GaryJones/Gamajo-Template-Loader/zipball/05057216f60baebfc4939e1a2b9aae6e89d25c91",
                "reference": "05057216f60baebfc4939e1a2b9aae6e89d25c91",
                "shasum": ""
            },
            "require": {
                "php": ">=5.2.4"
            },
            "type": "library",
            "autoload": {
                "classmap": [
                    "class-gamajo-template-loader.php"
                ]
            },
            "notification-url": "https://packagist.org/downloads/",
            "license": [
                "GPL-2.0+"
            ],
            "authors": [
                {
                    "name": "Gary Jones",
                    "email": "gamajo@gamajo.com",
                    "homepage": "http://gamajo.com",
                    "role": "Developer"
                }
            ],
            "description": "A class for your WordPress plugin, to allow loading template parts with fallback through the child theme > parent theme > plugin",
            "homepage": "http://github.com/GaryJones/Gamajo-Template-Loader",
            "keywords": [
                "templates",
                "wordpress"
            ],
            "time": "2017-03-24T17:28:34+00:00"
        },
        {
            "name": "gambitph/titan-framework",
            "version": "1.9.2",
            "source": {
                "type": "git",
                "url": "https://github.com/gambitph/Titan-Framework.git",
                "reference": "793bee37350acf4ff10ebf1068aa6d16cdc44da1"
            },
            "dist": {
                "type": "zip",
                "url": "https://api.github.com/repos/gambitph/Titan-Framework/zipball/793bee37350acf4ff10ebf1068aa6d16cdc44da1",
                "reference": "793bee37350acf4ff10ebf1068aa6d16cdc44da1",
                "shasum": ""
            },
            "type": "library",
            "autoload": {
                "files": [
                    "titan-framework.php"
                ]
            },
            "notification-url": "https://packagist.org/downloads/",
            "license": [
                "GPLv2+"
            ],
            "authors": [
                {
                    "name": "Gambit Technologies",
                    "email": "info@gambit.ph",
                    "homepage": "http://www.titanframework.net/",
                    "role": "Developer"
                }
            ],
            "description": "Titan Framework allows theme and plugin developers to create admin pages, options, meta boxes, and theme customizer options with just a few simple lines of code.",
            "homepage": "https://github.com/gambitph/Titan-Framework",
            "keywords": [
                "Titan Framework",
                "framework",
                "options",
                "titan",
                "wordpress"
            ],
            "time": "2015-10-06T16:21:47+00:00"
        },
        {
            "name": "yahnis-elsts/admin-notices",
            "version": "v1.0",
            "source": {
                "type": "git",
                "url": "https://github.com/YahnisElsts/admin-notices.git",
                "reference": "04f54614e27b400f231fa63ea7dd3461440eea8d"
            },
            "dist": {
                "type": "zip",
                "url": "https://api.github.com/repos/YahnisElsts/admin-notices/zipball/04f54614e27b400f231fa63ea7dd3461440eea8d",
                "reference": "04f54614e27b400f231fa63ea7dd3461440eea8d",
                "shasum": ""
            },
            "require": {
                "php": ">=5.3.0"
            },
            "type": "library",
            "autoload": {
                "files": [
                    "AdminNotice.php"
                ]
            },
            "notification-url": "https://packagist.org/downloads/",
            "license": [
                "MIT"
            ],
            "authors": [
                {
                    "name": "Yahnis Elsts",
                    "email": "whiteshadow@w-shadow.com"
                }
            ],
            "description": "A utility library for WordPress plugins that makes it easier to create admin notices. Supports persistently dismissible notices.",
            "time": "2017-03-20T15:26:49+00:00"
        }
    ],
    "packages-dev": [],
    "aliases": [],
    "minimum-stability": "stable",
    "stability-flags": [],
    "prefer-stable": false,
    "prefer-lowest": false,
    "platform": [],
    "platform-dev": []
}
